// !$*UTF8*$!
{
	archiveVersion = 1;
	classes = {
	};
	objectVersion = 50;
	objects = {

/* Begin PBXBuildFile section */
		A04582152518874100B7D7D9 /* AppDelegate.swift in Sources */ = {isa = PBXBuildFile; fileRef = A04582142518874100B7D7D9 /* AppDelegate.swift */; };
		A04582172518874100B7D7D9 /* SceneDelegate.swift in Sources */ = {isa = PBXBuildFile; fileRef = A04582162518874100B7D7D9 /* SceneDelegate.swift */; };
		A04582192518874100B7D7D9 /* ViewController.swift in Sources */ = {isa = PBXBuildFile; fileRef = A04582182518874100B7D7D9 /* ViewController.swift */; };
		A045821C2518874100B7D7D9 /* Main.storyboard in Resources */ = {isa = PBXBuildFile; fileRef = A045821A2518874100B7D7D9 /* Main.storyboard */; };
		A045821E2518874300B7D7D9 /* Assets.xcassets in Resources */ = {isa = PBXBuildFile; fileRef = A045821D2518874300B7D7D9 /* Assets.xcassets */; };
		A04582212518874300B7D7D9 /* LaunchScreen.storyboard in Resources */ = {isa = PBXBuildFile; fileRef = A045821F2518874300B7D7D9 /* LaunchScreen.storyboard */; };
/* End PBXBuildFile section */

/* Begin PBXFileReference section */
		A04582112518874100B7D7D9 /* Mod2_CreativeApp_ImageAboutHehnC.app */ = {isa = PBXFileReference; explicitFileType = wrapper.application; includeInIndex = 0; path = Mod2_CreativeApp_ImageAboutHehnC.app; sourceTree = BUILT_PRODUCTS_DIR; };
		A04582142518874100B7D7D9 /* AppDelegate.swift */ = {isa = PBXFileReference; lastKnownFileType = sourcecode.swift; path = AppDelegate.swift; sourceTree = "<group>"; };
		A04582162518874100B7D7D9 /* SceneDelegate.swift */ = {isa = PBXFileReference; lastKnownFileType = sourcecode.swift; path = SceneDelegate.swift; sourceTree = "<group>"; };
		A04582182518874100B7D7D9 /* ViewController.swift */ = {isa = PBXFileReference; lastKnownFileType = sourcecode.swift; path = ViewController.swift; sourceTree = "<group>"; };
		A045821B2518874100B7D7D9 /* Base */ = {isa = PBXFileReference; lastKnownFileType = file.storyboard; name = Base; path = Base.lproj/Main.storyboard; sourceTree = "<group>"; };
		A045821D2518874300B7D7D9 /* Assets.xcassets */ = {isa = PBXFileReference; lastKnownFileType = folder.assetcatalog; path = Assets.xcassets; sourceTree = "<group>"; };
		A04582202518874300B7D7D9 /* Base */ = {isa = PBXFileReference; lastKnownFileType = file.storyboard; name = Base; path = Base.lproj/LaunchScreen.storyboard; sourceTree = "<group>"; };
		A04582222518874300B7D7D9 /* Info.plist */ = {isa = PBXFileReference; lastKnownFileType = text.plist.xml; path = Info.plist; sourceTree = "<group>"; };
/* End PBXFileReference section */

/* Begin PBXFrameworksBuildPhase section */
		A045820E2518874100B7D7D9 /* Frameworks */ = {
			isa = PBXFrameworksBuildPhase;
			buildActionMask = 2147483647;
			files = (
			);
			runOnlyForDeploymentPostprocessing = 0;
		};
/* End PBXFrameworksBuildPhase section */

/* Begin PBXGroup section */
		A04582082518874100B7D7D9 = {
			isa = PBXGroup;
			children = (
				A04582132518874100B7D7D9 /* Mod2_CreativeApp_ImageAboutHehnC */,
				A04582122518874100B7D7D9 /* Products */,
			);
			sourceTree = "<group>";
		};
		A04582122518874100B7D7D9 /* Products */ = {
			isa = PBXGroup;
			children = (
				A04582112518874100B7D7D9 /* Mod2_CreativeApp_ImageAboutHehnC.app */,
			);
			name = Products;
			sourceTree = "<group>";
		};
		A04582132518874100B7D7D9 /* Mod2_CreativeApp_ImageAboutHehnC */ = {
			isa = PBXGroup;
			children = (
				A04582142518874100B7D7D9 /* AppDelegate.swift */,
				A04582162518874100B7D7D9 /* SceneDelegate.swift */,
				A04582182518874100B7D7D9 /* ViewController.swift */,
				A045821A2518874100B7D7D9 /* Main.storyboard */,
				A045821D2518874300B7D7D9 /* Assets.xcassets */,
				A045821F2518874300B7D7D9 /* LaunchScreen.storyboard */,
				A04582222518874300B7D7D9 /* Info.plist */,
			);
			path = Mod2_CreativeApp_ImageAboutHehnC;
			sourceTree = "<group>";
		};
/* End PBXGroup section */

/* Begin PBXNativeTarget section */
		A04582102518874100B7D7D9 /* Mod2_CreativeApp_ImageAboutHehnC */ = {
			isa = PBXNativeTarget;
			buildConfigurationList = A04582252518874300B7D7D9 /* Build configuration list for PBXNativeTarget "Mod2_CreativeApp_ImageAboutHehnC" */;
			buildPhases = (
				A045820D2518874100B7D7D9 /* Sources */,
				A045820E2518874100B7D7D9 /* Frameworks */,
				A045820F2518874100B7D7D9 /* Resources */,
			);
			buildRules = (
			);
			dependencies = (
			);
			name = Mod2_CreativeApp_ImageAboutHehnC;
			productName = Mod2_CreativeApp_ImageAboutHehnC;
			productReference = A04582112518874100B7D7D9 /* Mod2_CreativeApp_ImageAboutHehnC.app */;
			productType = "com.apple.product-type.application";
		};
/* End PBXNativeTarget section */

/* Begin PBXProject section */
		A04582092518874100B7D7D9 /* Project object */ = {
			isa = PBXProject;
			attributes = {
				LastSwiftUpdateCheck = 1160;
				LastUpgradeCheck = 1160;
				ORGANIZATIONNAME = clc.hehn;
				TargetAttributes = {
					A04582102518874100B7D7D9 = {
						CreatedOnToolsVersion = 11.6;
					};
				};
			};
			buildConfigurationList = A045820C2518874100B7D7D9 /* Build configuration list for PBXProject "Mod2_CreativeApp_ImageAboutHehnC" */;
			compatibilityVersion = "Xcode 9.3";
			developmentRegion = en;
			hasScannedForEncodings = 0;
			knownRegions = (
				en,
				Base,
			);
			mainGroup = A04582082518874100B7D7D9;
			productRefGroup = A04582122518874100B7D7D9 /* Products */;
			projectDirPath = "";
			projectRoot = "";
			targets = (
				A04582102518874100B7D7D9 /* Mod2_CreativeApp_ImageAboutHehnC */,
			);
		};
/* End PBXProject section */

/* Begin PBXResourcesBuildPhase section */
		A045820F2518874100B7D7D9 /* Resources */ = {
			isa = PBXResourcesBuildPhase;
			buildActionMask = 2147483647;
			files = (
				A04582212518874300B7D7D9 /* LaunchScreen.storyboard in Resources */,
				A045821E2518874300B7D7D9 /* Assets.xcassets in Resources */,
				A045821C2518874100B7D7D9 /* Main.storyboard in Resources */,
			);
			runOnlyForDeploymentPostprocessing = 0;
		};
/* End PBXResourcesBuildPhase section */

/* Begin PBXSourcesBuildPhase section */
		A045820D2518874100B7D7D9 /* Sources */ = {
			isa = PBXSourcesBuildPhase;
			buildActionMask = 2147483647;
			files = (
				A04582192518874100B7D7D9 /* ViewController.swift in Sources */,
				A04582152518874100B7D7D9 /* AppDelegate.swift in Sources */,
				A04582172518874100B7D7D9 /* SceneDelegate.swift in Sources */,
			);
			runOnlyForDeploymentPostprocessing = 0;
		};
/* End PBXSourcesBuildPhase section */

/* Begin PBXVariantGroup section */
		A045821A2518874100B7D7D9 /* Main.storyboard */ = {
			isa = PBXVariantGroup;
			children = (
				A045821B2518874100B7D7D9 /* Base */,
			);
			name = Main.storyboard;
			sourceTree = "<group>";
		};
		A045821F2518874300B7D7D9 /* LaunchScreen.storyboard */ = {
			isa = PBXVariantGroup;
			children = (
				A04582202518874300B7D7D9 /* Base */,
			);
			name = LaunchScreen.storyboard;
			sourceTree = "<group>";
		};
/* End PBXVariantGroup section */

/* Begin XCBuildConfiguration section */
		A04582232518874300B7D7D9 /* Debug */ = {
			isa = XCBuildConfiguration;
			buildSettings = {
				ALWAYS_SEARCH_USER_PATHS = NO;
				CLANG_ANALYZER_NONNULL = YES;
				CLANG_ANALYZER_NUMBER_OBJECT_CONVERSION = YES_AGGRESSIVE;
				CLANG_CXX_LANGUAGE_STANDARD = "gnu++14";
				CLANG_CXX_LIBRARY = "libc++";
				CLANG_ENABLE_MODULES = YES;
				CLANG_ENABLE_OBJC_ARC = YES;
				CLANG_ENABLE_OBJC_WEAK = YES;
				CLANG_WARN_BLOCK_CAPTURE_AUTORELEASING = YES;
				CLANG_WARN_BOOL_CONVERSION = YES;
				CLANG_WARN_COMMA = YES;
				CLANG_WARN_CONSTANT_CONVERSION = YES;
				CLANG_WARN_DEPRECATED_OBJC_IMPLEMENTATIONS = YES;
				CLANG_WARN_DIRECT_OBJC_ISA_USAGE = YES_ERROR;
				CLANG_WARN_DOCUMENTATION_COMMENTS = YES;
				CLANG_WARN_EMPTY_BODY = YES;
				CLANG_WARN_ENUM_CONVERSION = YES;
				CLANG_WARN_INFINITE_RECURSION = YES;
				CLANG_WARN_INT_CONVERSION = YES;
				CLANG_WARN_NON_LITERAL_NULL_CONVERSION = YES;
				CLANG_WARN_OBJC_IMPLICIT_RETAIN_SELF = YES;
				CLANG_WARN_OBJC_LITERAL_CONVERSION = YES;
				CLANG_WARN_OBJC_ROOT_CLASS = YES_ERROR;
				CLANG_WARN_RANGE_LOOP_ANALYSIS = YES;
				CLANG_WARN_STRICT_PROTOTYPES = YES;
				CLANG_WARN_SUSPICIOUS_MOVE = YES;
				CLANG_WARN_UNGUARDED_AVAILABILITY = YES_AGGRESSIVE;
				CLANG_WARN_UNREACHABLE_CODE = YES;
				CLANG_WARN__DUPLICATE_METHOD_MATCH = YES;
				COPY_PHASE_STRIP = NO;
				DEBUG_INFORMATION_FORMAT = dwarf;
				ENABLE_STRICT_OBJC_MSGSEND = YES;
				ENABLE_TESTABILITY = YES;
				GCC_C_LANGUAGE_STANDARD = gnu11;
				GCC_DYNAMIC_NO_PIC = NO;
				GCC_NO_COMMON_BLOCKS = YES;
				GCC_OPTIMIZATION_LEVEL = 0;
				GCC_PREPROCESSOR_DEFINITIONS = (
					"DEBUG=1",
					"$(inherited)",
				);
				GCC_WARN_64_TO_32_BIT_CONVERSION = YES;
				GCC_WARN_ABOUT_RETURN_TYPE = YES_ERROR;
				GCC_WARN_UNDECLARED_SELECTOR = YES;
				GCC_WARN_UNINITIALIZED_AUTOS = YES_AGGRESSIVE;
				GCC_WARN_UNUSED_FUNCTION = YES;
				GCC_WARN_UNUSED_VARIABLE = YES;
				IPHONEOS_DEPLOYMENT_TARGET = 13.6;
				MTL_ENABLE_DEBUG_INFO = INCLUDE_SOURCE;
				MTL_FAST_MATH = YES;
				ONLY_ACTIVE_ARCH = YES;
				SDKROOT = iphoneos;
				SWIFT_ACTIVE_COMPILATION_CONDITIONS = DEBUG;
				SWIFT_OPTIMIZATION_LEVEL = "-Onone";
			};
			name = Debug;
		};
		A04582242518874300B7D7D9 /* Release */ = {
			isa = XCBuildConfiguration;
			buildSettings = {
				ALWAYS_SEARCH_USER_PATHS = NO;
				CLANG_ANALYZER_NONNULL = YES;
				CLANG_ANALYZER_NUMBER_OBJECT_CONVERSION = YES_AGGRESSIVE;
				CLANG_CXX_LANGUAGE_STANDARD = "gnu++14";
				CLANG_CXX_LIBRARY = "libc++";
				CLANG_ENABLE_MODULES = YES;
				CLANG_ENABLE_OBJC_ARC = YES;
				CLANG_ENABLE_OBJC_WEAK = YES;
				CLANG_WARN_BLOCK_CAPTURE_AUTORELEASING = YES;
				CLANG_WARN_BOOL_CONVERSION = YES;
				CLANG_WARN_COMMA = YES;
				CLANG_WARN_CONSTANT_CONVERSION = YES;
				CLANG_WARN_DEPRECATED_OBJC_IMPLEMENTATIONS = YES;
				CLANG_WARN_DIRECT_OBJC_ISA_USAGE = YES_ERROR;
				CLANG_WARN_DOCUMENTATION_COMMENTS = YES;
				CLANG_WARN_EMPTY_BODY = YES;
				CLANG_WARN_ENUM_CONVERSION = YES;
				CLANG_WARN_INFINITE_RECURSION = YES;
				CLANG_WARN_INT_CONVERSION = YES;
				CLANG_WARN_NON_LITERAL_NULL_CONVERSION = YES;
				CLANG_WARN_OBJC_IMPLICIT_RETAIN_SELF = YES;
				CLANG_WARN_OBJC_LITERAL_CONVERSION = YES;
				CLANG_WARN_OBJC_ROOT_CLASS = YES_ERROR;
				CLANG_WARN_RANGE_LOOP_ANALYSIS = YES;
				CLANG_WARN_STRICT_PROTOTYPES = YES;
				CLANG_WARN_SUSPICIOUS_MOVE = YES;
				CLANG_WARN_UNGUARDED_AVAILABILITY = YES_AGGRESSIVE;
				CLANG_WARN_UNREACHABLE_CODE = YES;
				CLANG_WARN__DUPLICATE_METHOD_MATCH = YES;
				COPY_PHASE_STRIP = NO;
				DEBUG_INFORMATION_FORMAT = "dwarf-with-dsym";
				ENABLE_NS_ASSERTIONS = NO;
				ENABLE_STRICT_OBJC_MSGSEND = YES;
				GCC_C_LANGUAGE_STANDARD = gnu11;
				GCC_NO_COMMON_BLOCKS = YES;
				GCC_WARN_64_TO_32_BIT_CONVERSION = YES;
				GCC_WARN_ABOUT_RETURN_TYPE = YES_ERROR;
				GCC_WARN_UNDECLARED_SELECTOR = YES;
				GCC_WARN_UNINITIALIZED_AUTOS = YES_AGGRESSIVE;
				GCC_WARN_UNUSED_FUNCTION = YES;
				GCC_WARN_UNUSED_VARIABLE = YES;
				IPHONEOS_DEPLOYMENT_TARGET = 13.6;
				MTL_ENABLE_DEBUG_INFO = NO;
				MTL_FAST_MATH = YES;
				SDKROOT = iphoneos;
				SWIFT_COMPILATION_MODE = wholemodule;
				SWIFT_OPTIMIZATION_LEVEL = "-O";
				VALIDATE_PRODUCT = YES;
			};
			name = Release;
		};
		A04582262518874300B7D7D9 /* Debug */ = {
			isa = XCBuildConfiguration;
			buildSettings = {
				ASSETCATALOG_COMPILER_APPICON_NAME = AppIcon;
				CODE_SIGN_STYLE = Automatic;
				DEVELOPMENT_TEAM = 2UDGGVXZU5;
				INFOPLIST_FILE = Mod2_CreativeApp_ImageAboutHehnC/Info.plist;
				LD_RUNPATH_SEARCH_PATHS = (
					"$(inherited)",
					"@executable_path/Frameworks",
				);
				PRODUCT_BUNDLE_IDENTIFIER = "CLC.Mod2-CreativeApp-ImageAboutHehnC";
				PRODUCT_NAME = "$(TARGET_NAME)";
				SWIFT_VERSION = 5.0;
				TARGETED_DEVICE_FAMILY = "1,2";
			};
			name = Debug;
		};
		A04582272518874300B7D7D9 /* Release */ = {
			isa = XCBuildConfiguration;
			buildSettings = {
				ASSETCATALOG_COMPILER_APPICON_NAME = AppIcon;
				CODE_SIGN_STYLE = Automatic;
				DEVELOPMENT_TEAM = 2UDGGVXZU5;
				INFOPLIST_FILE = Mod2_CreativeApp_ImageAboutHehnC/Info.plist;
				LD_RUNPATH_SEARCH_PATHS = (
					"$(inherited)",
					"@executable_path/Frameworks",
				);
				PRODUCT_BUNDLE_IDENTIFIER = "CLC.Mod2-CreativeApp-ImageAboutHehnC";
				PRODUCT_NAME = "$(TARGET_NAME)";
				SWIFT_VERSION = 5.0;
				TARGETED_DEVICE_FAMILY = "1,2";
			};
			name = Release;
		};
/* End XCBuildConfiguration section */

/* Begin XCConfigurationList section */
		A045820C2518874100B7D7D9 /* Build configuration list for PBXProject "Mod2_CreativeApp_ImageAboutHehnC" */ = {
			isa = XCConfigurationList;
			buildConfigurations = (
				A04582232518874300B7D7D9 /* Debug */,
				A04582242518874300B7D7D9 /* Release */,
			);
			defaultConfigurationIsVisible = 0;
			defaultConfigurationName = Release;
		};
		A04582252518874300B7D7D9 /* Build configuration list for PBXNativeTarget "Mod2_CreativeApp_ImageAboutHehnC" */ = {
			isa = XCConfigurationList;
			buildConfigurations = (
				A04582262518874300B7D7D9 /* Debug */,
				A04582272518874300B7D7D9 /* Release */,
			);
			defaultConfigurationIsVisible = 0;
			defaultConfigurationName = Release;
		};
/* End XCConfigurationList section */
	};
	rootObject = A04582092518874100B7D7D9 /* Project object */;
}
